
Microsoft Visual Studio Solution File, Format Version 12.00
# Visual Studio Version 16
VisualStudioVersion = 16.0.31402.337
MinimumVisualStudioVersion = 10.0.40219.1
Project("{FAE04EC0-301F-11D3-BF4B-00C04F79EFBC}") = "Tecno Pc", "Tecno Pc.csproj", "{C91197CE-82F5-4316-8B8B-61C4CCC6C225}"
EndProject
Global
	GlobalSection(SolutionConfigurationPlatforms) = preSolution
		Debug|Any CPU = Debug|Any CPU
		Release|Any CPU = Release|Any CPU
	EndGlobalSection
	GlobalSection(ProjectConfigurationPlatforms) = postSolution
		{C91197CE-82F5-4316-8B8B-61C4CCC6C225}.Debug|Any CPU.ActiveCfg = Debug|Any CPU
		{C91197CE-82F5-4316-8B8B-61C4CCC6C225}.Debug|Any CPU.Build.0 = Debug|Any CPU
		{C91197CE-82F5-4316-8B8B-61C4CCC6C225}.Release|Any CPU.ActiveCfg = Release|Any CPU
		{C91197CE-82F5-4316-8B8B-61C4CCC6C225}.Release|Any CPU.Build.0 = Release|Any CPU
	EndGlobalSection
	GlobalSection(SolutionProperties) = preSolution
		HideSolutionNode = FALSE
	EndGlobalSection
	GlobalSection(ExtensibilityGlobals) = postSolution
		SolutionGuid = {50E0B2AC-CF52-44A7-84F0-FA67B3E81D2D}
	EndGlobalSection
EndGlobal
